// !$*UTF8*$!
{
	archiveVersion = 1;
	classes = {
	};
	objectVersion = 50;
	objects = {

/* Begin PBXBuildFile section */
		BC04203524C3E87A0050AD24 /* AppDelegate.swift in Sources */ = {isa = PBXBuildFile; fileRef = BC04203424C3E87A0050AD24 /* AppDelegate.swift */; };
		BC04203724C3E87A0050AD24 /* SceneDelegate.swift in Sources */ = {isa = PBXBuildFile; fileRef = BC04203624C3E87A0050AD24 /* SceneDelegate.swift */; };
		BC04203924C3E87A0050AD24 /* ContentView.swift in Sources */ = {isa = PBXBuildFile; fileRef = BC04203824C3E87A0050AD24 /* ContentView.swift */; };
		BC04203B24C3E87B0050AD24 /* Assets.xcassets in Resources */ = {isa = PBXBuildFile; fileRef = BC04203A24C3E87B0050AD24 /* Assets.xcassets */; };
		BC04203E24C3E87B0050AD24 /* Preview Assets.xcassets in Resources */ = {isa = PBXBuildFile; fileRef = BC04203D24C3E87B0050AD24 /* Preview Assets.xcassets */; };
		BC04204124C3E87B0050AD24 /* LaunchScreen.storyboard in Resources */ = {isa = PBXBuildFile; fileRef = BC04203F24C3E87B0050AD24 /* LaunchScreen.storyboard */; };
		BC04204924C3E8A00050AD24 /* BusinessCardFront.swift in Sources */ = {isa = PBXBuildFile; fileRef = BC04204824C3E8A00050AD24 /* BusinessCardFront.swift */; };
		BC04204B24C4046C0050AD24 /* BusinessCardBack.swift in Sources */ = {isa = PBXBuildFile; fileRef = BC04204A24C4046C0050AD24 /* BusinessCardBack.swift */; };
/* End PBXBuildFile section */

/* Begin PBXFileReference section */
		BC04203124C3E87A0050AD24 /* FlippingCard.app */ = {isa = PBXFileReference; explicitFileType = wrapper.application; includeInIndex = 0; path = FlippingCard.app; sourceTree = BUILT_PRODUCTS_DIR; };
		BC04203424C3E87A0050AD24 /* AppDelegate.swift */ = {isa = PBXFileReference; lastKnownFileType = sourcecode.swift; path = AppDelegate.swift; sourceTree = "<group>"; };
		BC04203624C3E87A0050AD24 /* SceneDelegate.swift */ = {isa = PBXFileReference; lastKnownFileType = sourcecode.swift; path = SceneDelegate.swift; sourceTree = "<group>"; };
		BC04203824C3E87A0050AD24 /* ContentView.swift */ = {isa = PBXFileReference; lastKnownFileType = sourcecode.swift; path = ContentView.swift; sourceTree = "<group>"; };
		BC04203A24C3E87B0050AD24 /* Assets.xcassets */ = {isa = PBXFileReference; lastKnownFileType = folder.assetcatalog; path = Assets.xcassets; sourceTree = "<group>"; };
		BC04203D24C3E87B0050AD24 /* Preview Assets.xcassets */ = {isa = PBXFileReference; lastKnownFileType = folder.assetcatalog; path = "Preview Assets.xcassets"; sourceTree = "<group>"; };
		BC04204024C3E87B0050AD24 /* Base */ = {isa = PBXFileReference; lastKnownFileType = file.storyboard; name = Base; path = Base.lproj/LaunchScreen.storyboard; sourceTree = "<group>"; };
		BC04204224C3E87B0050AD24 /* Info.plist */ = {isa = PBXFileReference; lastKnownFileType = text.plist.xml; path = Info.plist; sourceTree = "<group>"; };
		BC04204824C3E8A00050AD24 /* BusinessCardFront.swift */ = {isa = PBXFileReference; lastKnownFileType = sourcecode.swift; path = BusinessCardFront.swift; sourceTree = "<group>"; };
		BC04204A24C4046C0050AD24 /* BusinessCardBack.swift */ = {isa = PBXFileReference; lastKnownFileType = sourcecode.swift; path = BusinessCardBack.swift; sourceTree = "<group>"; };
/* End PBXFileReference section */

/* Begin PBXFrameworksBuildPhase section */
		BC04202E24C3E87A0050AD24 /* Frameworks */ = {
			isa = PBXFrameworksBuildPhase;
			buildActionMask = 2147483647;
			files = (
			);
			runOnlyForDeploymentPostprocessing = 0;
		};
/* End PBXFrameworksBuildPhase section */

/* Begin PBXGroup section */
		BC04202824C3E87A0050AD24 = {
			isa = PBXGroup;
			children = (
				BC04204824C3E8A00050AD24 /* BusinessCardFront.swift */,
				BC04204A24C4046C0050AD24 /* BusinessCardBack.swift */,
				BC04203324C3E87A0050AD24 /* FlippingCard */,
				BC04203224C3E87A0050AD24 /* Products */,
			);
			sourceTree = "<group>";
		};
		BC04203224C3E87A0050AD24 /* Products */ = {
			isa = PBXGroup;
			children = (
				BC04203124C3E87A0050AD24 /* FlippingCard.app */,
			);
			name = Products;
			sourceTree = "<group>";
		};
		BC04203324C3E87A0050AD24 /* FlippingCard */ = {
			isa = PBXGroup;
			children = (
				BC04203424C3E87A0050AD24 /* AppDelegate.swift */,
				BC04203624C3E87A0050AD24 /* SceneDelegate.swift */,
				BC04203824C3E87A0050AD24 /* ContentView.swift */,
				BC04203A24C3E87B0050AD24 /* Assets.xcassets */,
				BC04203F24C3E87B0050AD24 /* LaunchScreen.storyboard */,
				BC04204224C3E87B0050AD24 /* Info.plist */,
				BC04203C24C3E87B0050AD24 /* Preview Content */,
			);
			path = FlippingCard;
			sourceTree = "<group>";
		};
		BC04203C24C3E87B0050AD24 /* Preview Content */ = {
			isa = PBXGroup;
			children = (
				BC04203D24C3E87B0050AD24 /* Preview Assets.xcassets */,
			);
			path = "Preview Content";
			sourceTree = "<group>";
		};
/* End PBXGroup section */

/* Begin PBXNativeTarget section */
		BC04203024C3E87A0050AD24 /* FlippingCard */ = {
			isa = PBXNativeTarget;
			buildConfigurationList = BC04204524C3E87B0050AD24 /* Build configuration list for PBXNativeTarget "FlippingCard" */;
			buildPhases = (
				BC04202D24C3E87A0050AD24 /* Sources */,
				BC04202E24C3E87A0050AD24 /* Frameworks */,
				BC04202F24C3E87A0050AD24 /* Resources */,
			);
			buildRules = (
			);
			dependencies = (
			);
			name = FlippingCard;
			productName = FlippingCard;
			productReference = BC04203124C3E87A0050AD24 /* FlippingCard.app */;
			productType = "com.apple.product-type.application";
		};
/* End PBXNativeTarget section */

/* Begin PBXProject section */
		BC04202924C3E87A0050AD24 /* Project object */ = {
			isa = PBXProject;
			attributes = {
				LastSwiftUpdateCheck = 1160;
				LastUpgradeCheck = 1160;
				ORGANIZATIONNAME = "Vadiraj Hippargi";
				TargetAttributes = {
					BC04203024C3E87A0050AD24 = {
						CreatedOnToolsVersion = 11.6;
					};
				};
			};
			buildConfigurationList = BC04202C24C3E87A0050AD24 /* Build configuration list for PBXProject "FlippingCard" */;
			compatibilityVersion = "Xcode 9.3";
			developmentRegion = en;
			hasScannedForEncodings = 0;
			knownRegions = (
				en,
				Base,
			);
			mainGroup = BC04202824C3E87A0050AD24;
			productRefGroup = BC04203224C3E87A0050AD24 /* Products */;
			projectDirPath = "";
			projectRoot = "";
			targets = (
				BC04203024C3E87A0050AD24 /* FlippingCard */,
			);
		};
/* End PBXProject section */

/* Begin PBXResourcesBuildPhase section */
		BC04202F24C3E87A0050AD24 /* Resources */ = {
			isa = PBXResourcesBuildPhase;
			buildActionMask = 2147483647;
			files = (
				BC04204124C3E87B0050AD24 /* LaunchScreen.storyboard in Resources */,
				BC04203E24C3E87B0050AD24 /* Preview Assets.xcassets in Resources */,
				BC04203B24C3E87B0050AD24 /* Assets.xcassets in Resources */,
			);
			runOnlyForDeploymentPostprocessing = 0;
		};
/* End PBXResourcesBuildPhase section */

/* Begin PBXSourcesBuildPhase section */
		BC04202D24C3E87A0050AD24 /* Sources */ = {
			isa = PBXSourcesBuildPhase;
			buildActionMask = 2147483647;
			files = (
				BC04203524C3E87A0050AD24 /* AppDelegate.swift in Sources */,
				BC04204924C3E8A00050AD24 /* BusinessCardFront.swift in Sources */,
				BC04203724C3E87A0050AD24 /* SceneDelegate.swift in Sources */,
				BC04203924C3E87A0050AD24 /* ContentView.swift in Sources */,
				BC04204B24C4046C0050AD24 /* BusinessCardBack.swift in Sources */,
			);
			runOnlyForDeploymentPostprocessing = 0;
		};
/* End PBXSourcesBuildPhase section */

/* Begin PBXVariantGroup section */
		BC04203F24C3E87B0050AD24 /* LaunchScreen.storyboard */ = {
			isa = PBXVariantGroup;
			children = (
				BC04204024C3E87B0050AD24 /* Base */,
			);
			name = LaunchScreen.storyboard;
			sourceTree = "<group>";
		};
/* End PBXVariantGroup section */

/* Begin XCBuildConfiguration section */
		BC04204324C3E87B0050AD24 /* Debug */ = {
			isa = XCBuildConfiguration;
			buildSettings = {
				ALWAYS_SEARCH_USER_PATHS = NO;
				CLANG_ANALYZER_NONNULL = YES;
				CLANG_ANALYZER_NUMBER_OBJECT_CONVERSION = YES_AGGRESSIVE;
				CLANG_CXX_LANGUAGE_STANDARD = "gnu++14";
				CLANG_CXX_LIBRARY = "libc++";
				CLANG_ENABLE_MODULES = YES;
				CLANG_ENABLE_OBJC_ARC = YES;
				CLANG_ENABLE_OBJC_WEAK = YES;
				CLANG_WARN_BLOCK_CAPTURE_AUTORELEASING = YES;
				CLANG_WARN_BOOL_CONVERSION = YES;
				CLANG_WARN_COMMA = YES;
				CLANG_WARN_CONSTANT_CONVERSION = YES;
				CLANG_WARN_DEPRECATED_OBJC_IMPLEMENTATIONS = YES;
				CLANG_WARN_DIRECT_OBJC_ISA_USAGE = YES_ERROR;
				CLANG_WARN_DOCUMENTATION_COMMENTS = YES;
				CLANG_WARN_EMPTY_BODY = YES;
				CLANG_WARN_ENUM_CONVERSION = YES;
				CLANG_WARN_INFINITE_RECURSION = YES;
				CLANG_WARN_INT_CONVERSION = YES;
				CLANG_WARN_NON_LITERAL_NULL_CONVERSION = YES;
				CLANG_WARN_OBJC_IMPLICIT_RETAIN_SELF = YES;
				CLANG_WARN_OBJC_LITERAL_CONVERSION = YES;
				CLANG_WARN_OBJC_ROOT_CLASS = YES_ERROR;
				CLANG_WARN_RANGE_LOOP_ANALYSIS = YES;
				CLANG_WARN_STRICT_PROTOTYPES = YES;
				CLANG_WARN_SUSPICIOUS_MOVE = YES;
				CLANG_WARN_UNGUARDED_AVAILABILITY = YES_AGGRESSIVE;
				CLANG_WARN_UNREACHABLE_CODE = YES;
				CLANG_WARN__DUPLICATE_METHOD_MATCH = YES;
				COPY_PHASE_STRIP = NO;
				DEBUG_INFORMATION_FORMAT = dwarf;
				ENABLE_STRICT_OBJC_MSGSEND = YES;
				ENABLE_TESTABILITY = YES;
				GCC_C_LANGUAGE_STANDARD = gnu11;
				GCC_DYNAMIC_NO_PIC = NO;
				GCC_NO_COMMON_BLOCKS = YES;
				GCC_OPTIMIZATION_LEVEL = 0;
				GCC_PREPROCESSOR_DEFINITIONS = (
					"DEBUG=1",
					"$(inherited)",
				);
				GCC_WARN_64_TO_32_BIT_CONVERSION = YES;
				GCC_WARN_ABOUT_RETURN_TYPE = YES_ERROR;
				GCC_WARN_UNDECLARED_SELECTOR = YES;
				GCC_WARN_UNINITIALIZED_AUTOS = YES_AGGRESSIVE;
				GCC_WARN_UNUSED_FUNCTION = YES;
				GCC_WARN_UNUSED_VARIABLE = YES;
				IPHONEOS_DEPLOYMENT_TARGET = 13.6;
				MTL_ENABLE_DEBUG_INFO = INCLUDE_SOURCE;
				MTL_FAST_MATH = YES;
				ONLY_ACTIVE_ARCH = YES;
				SDKROOT = iphoneos;
				SWIFT_ACTIVE_COMPILATION_CONDITIONS = DEBUG;
				SWIFT_OPTIMIZATION_LEVEL = "-Onone";
			};
			name = Debug;
		};
		BC04204424C3E87B0050AD24 /* Release */ = {
			isa = XCBuildConfiguration;
			buildSettings = {
				ALWAYS_SEARCH_USER_PATHS = NO;
				CLANG_ANALYZER_NONNULL = YES;
				CLANG_ANALYZER_NUMBER_OBJECT_CONVERSION = YES_AGGRESSIVE;
				CLANG_CXX_LANGUAGE_STANDARD = "gnu++14";
				CLANG_CXX_LIBRARY = "libc++";
				CLANG_ENABLE_MODULES = YES;
				CLANG_ENABLE_OBJC_ARC = YES;
				CLANG_ENABLE_OBJC_WEAK = YES;
				CLANG_WARN_BLOCK_CAPTURE_AUTORELEASING = YES;
				CLANG_WARN_BOOL_CONVERSION = YES;
				CLANG_WARN_COMMA = YES;
				CLANG_WARN_CONSTANT_CONVERSION = YES;
				CLANG_WARN_DEPRECATED_OBJC_IMPLEMENTATIONS = YES;
				CLANG_WARN_DIRECT_OBJC_ISA_USAGE = YES_ERROR;
				CLANG_WARN_DOCUMENTATION_COMMENTS = YES;
				CLANG_WARN_EMPTY_BODY = YES;
				CLANG_WARN_ENUM_CONVERSION = YES;
				CLANG_WARN_INFINITE_RECURSION = YES;
				CLANG_WARN_INT_CONVERSION = YES;
				CLANG_WARN_NON_LITERAL_NULL_CONVERSION = YES;
				CLANG_WARN_OBJC_IMPLICIT_RETAIN_SELF = YES;
				CLANG_WARN_OBJC_LITERAL_CONVERSION = YES;
				CLANG_WARN_OBJC_ROOT_CLASS = YES_ERROR;
				CLANG_WARN_RANGE_LOOP_ANALYSIS = YES;
				CLANG_WARN_STRICT_PROTOTYPES = YES;
				CLANG_WARN_SUSPICIOUS_MOVE = YES;
				CLANG_WARN_UNGUARDED_AVAILABILITY = YES_AGGRESSIVE;
				CLANG_WARN_UNREACHABLE_CODE = YES;
				CLANG_WARN__DUPLICATE_METHOD_MATCH = YES;
				COPY_PHASE_STRIP = NO;
				DEBUG_INFORMATION_FORMAT = "dwarf-with-dsym";
				ENABLE_NS_ASSERTIONS = NO;
				ENABLE_STRICT_OBJC_MSGSEND = YES;
				GCC_C_LANGUAGE_STANDARD = gnu11;
				GCC_NO_COMMON_BLOCKS = YES;
				GCC_WARN_64_TO_32_BIT_CONVERSION = YES;
				GCC_WARN_ABOUT_RETURN_TYPE = YES_ERROR;
				GCC_WARN_UNDECLARED_SELECTOR = YES;
				GCC_WARN_UNINITIALIZED_AUTOS = YES_AGGRESSIVE;
				GCC_WARN_UNUSED_FUNCTION = YES;
				GCC_WARN_UNUSED_VARIABLE = YES;
				IPHONEOS_DEPLOYMENT_TARGET = 13.6;
				MTL_ENABLE_DEBUG_INFO = NO;
				MTL_FAST_MATH = YES;
				SDKROOT = iphoneos;
				SWIFT_COMPILATION_MODE = wholemodule;
				SWIFT_OPTIMIZATION_LEVEL = "-O";
				VALIDATE_PRODUCT = YES;
			};
			name = Release;
		};
		BC04204624C3E87B0050AD24 /* Debug */ = {
			isa = XCBuildConfiguration;
			buildSettings = {
				ASSETCATALOG_COMPILER_APPICON_NAME = AppIcon;
				CODE_SIGN_STYLE = Automatic;
				DEVELOPMENT_ASSET_PATHS = "\"FlippingCard/Preview Content\"";
				ENABLE_PREVIEWS = YES;
				INFOPLIST_FILE = FlippingCard/Info.plist;
				LD_RUNPATH_SEARCH_PATHS = (
					"$(inherited)",
					"@executable_path/Frameworks",
				);
				PRODUCT_BUNDLE_IDENTIFIER = "Leadconsultant-LLC.FlippingCard";
				PRODUCT_NAME = "$(TARGET_NAME)";
				SWIFT_VERSION = 5.0;
				TARGETED_DEVICE_FAMILY = "1,2";
			};
			name = Debug;
		};
		BC04204724C3E87B0050AD24 /* Release */ = {
			isa = XCBuildConfiguration;
			buildSettings = {
				ASSETCATALOG_COMPILER_APPICON_NAME = AppIcon;
				CODE_SIGN_STYLE = Automatic;
				DEVELOPMENT_ASSET_PATHS = "\"FlippingCard/Preview Content\"";
				ENABLE_PREVIEWS = YES;
				INFOPLIST_FILE = FlippingCard/Info.plist;
				LD_RUNPATH_SEARCH_PATHS = (
					"$(inherited)",
					"@executable_path/Frameworks",
				);
				PRODUCT_BUNDLE_IDENTIFIER = "Leadconsultant-LLC.FlippingCard";
				PRODUCT_NAME = "$(TARGET_NAME)";
				SWIFT_VERSION = 5.0;
				TARGETED_DEVICE_FAMILY = "1,2";
			};
			name = Release;
		};
/* End XCBuildConfiguration section */

/* Begin XCConfigurationList section */
		BC04202C24C3E87A0050AD24 /* Build configuration list for PBXProject "FlippingCard" */ = {
			isa = XCConfigurationList;
			buildConfigurations = (
				BC04204324C3E87B0050AD24 /* Debug */,
				BC04204424C3E87B0050AD24 /* Release */,
			);
			defaultConfigurationIsVisible = 0;
			defaultConfigurationName = Release;
		};
		BC04204524C3E87B0050AD24 /* Build configuration list for PBXNativeTarget "FlippingCard" */ = {
			isa = XCConfigurationList;
			buildConfigurations = (
				BC04204624C3E87B0050AD24 /* Debug */,
				BC04204724C3E87B0050AD24 /* Release */,
			);
			defaultConfigurationIsVisible = 0;
			defaultConfigurationName = Release;
		};
/* End XCConfigurationList section */
	};
	rootObject = BC04202924C3E87A0050AD24 /* Project object */;
}
